
Microsoft Visual Studio Solution File, Format Version 12.00
# Visual Studio Version 17
VisualStudioVersion = 17.3.32901.215
MinimumVisualStudioVersion = 10.0.40219.1
Project("{9A19103F-16F7-4668-BE54-9A1E7A4F7556}") = "Lub1(excel)", "Lub1(excel)\Lub1(excel).csproj", "{4622E117-E329-4FDA-9EA5-677FDD17B968}"
EndProject
Project("{FAE04EC0-301F-11D3-BF4B-00C04F79EFBC}") = "TestProject1", "TestProject1\TestProject1.csproj", "{86A7389D-443C-454C-B342-2B6BBC28830A}"
EndProject
Global
	GlobalSection(SolutionConfigurationPlatforms) = preSolution
		Debug|Any CPU = Debug|Any CPU
		Release|Any CPU = Release|Any CPU
	EndGlobalSection
	GlobalSection(ProjectConfigurationPlatforms) = postSolution
		{4622E117-E329-4FDA-9EA5-677FDD17B968}.Debug|Any CPU.ActiveCfg = Debug|Any CPU
		{4622E117-E329-4FDA-9EA5-677FDD17B968}.Debug|Any CPU.Build.0 = Debug|Any CPU
		{4622E117-E329-4FDA-9EA5-677FDD17B968}.Release|Any CPU.ActiveCfg = Release|Any CPU
		{4622E117-E329-4FDA-9EA5-677FDD17B968}.Release|Any CPU.Build.0 = Release|Any CPU
		{86A7389D-443C-454C-B342-2B6BBC28830A}.Debug|Any CPU.ActiveCfg = Debug|Any CPU
		{86A7389D-443C-454C-B342-2B6BBC28830A}.Debug|Any CPU.Build.0 = Debug|Any CPU
		{86A7389D-443C-454C-B342-2B6BBC28830A}.Release|Any CPU.ActiveCfg = Release|Any CPU
		{86A7389D-443C-454C-B342-2B6BBC28830A}.Release|Any CPU.Build.0 = Release|Any CPU
	EndGlobalSection
	GlobalSection(SolutionProperties) = preSolution
		HideSolutionNode = FALSE
	EndGlobalSection
	GlobalSection(ExtensibilityGlobals) = postSolution
		SolutionGuid = {08355147-9B1E-47C2-8FD0-83A7D86C18B5}
	EndGlobalSection
EndGlobal
